{
  "lockfileVersion": 1,
  "configVersion": 1,
  "workspaces": {
    "": {
      "name": "quantex",
      "dependencies": {
        "quantex-cli": "0.0.1-beta.8",
      },
    },
  },
  "packages": {
    "c12": ["c12@3.3.4", "", { "dependencies": { "chokidar": "^5.0.0", "confbox": "^0.2.4", "defu": "^6.1.6", "dotenv": "^17.3.1", "exsolve": "^1.0.8", "giget": "^3.2.0", "jiti": "^2.6.1", "ohash": "^2.0.11", "pathe": "^2.0.3", "perfect-debounce": "^2.1.0", "pkg-types": "^2.3.0", "rc9": "^3.0.1" }, "peerDependencies": { "magicast": "*" }, "optionalPeers": ["magicast"] }, "sha512-cM0ApFQSBXuourJejzwv/AuPRvAxordTyParRVcHjjtXirtkzM0uK2L9TTn9s0cXZbG7E55jCivRQzoxYmRAlA=="],

    "chokidar": ["chokidar@5.0.0", "", { "dependencies": { "readdirp": "^5.0.0" } }, "sha512-TQMmc3w+5AxjpL8iIiwebF73dRDF4fBIieAqGn9RGCWaEVwQ6Fb2cGe31Yns0RRIzii5goJ1Y7xbMwo1TxMplw=="],

    "commander": ["commander@13.1.0", "", {}, "sha512-/rFeCpNJQbhSZjGVwO9RFV3xPqbnERS8MmIQzCtD/zl6gpJuV/bMLuN92oG3F7d8oDEHHRrujSXNUr8fpjntKw=="],

    "confbox": ["confbox@0.2.4", "", {}, "sha512-ysOGlgTFbN2/Y6Cg3Iye8YKulHw+R2fNXHrgSmXISQdMnomY6eNDprVdW9R5xBguEqI954+S6709UyiO7B+6OQ=="],

    "defu": ["defu@6.1.7", "", {}, "sha512-7z22QmUWiQ/2d0KkdYmANbRUVABpZ9SNYyH5vx6PZ+nE5bcC0l7uFvEfHlyld/HcGBFTL536ClDt3DEcSlEJAQ=="],

    "destr": ["destr@2.0.5", "", {}, "sha512-ugFTXCtDZunbzasqBxrK93Ik/DRYsO6S/fedkWEMKqt04xZ4csmnmwGDBAb07QWNaGMAmnTIemsYZCksjATwsA=="],

    "dotenv": ["dotenv@17.4.2", "", {}, "sha512-nI4U3TottKAcAD9LLud4Cb7b2QztQMUEfHbvhTH09bqXTxnSie8WnjPALV/WMCrJZ6UV/qHJ6L03OqO3LcdYZw=="],

    "exsolve": ["exsolve@1.0.8", "", {}, "sha512-LmDxfWXwcTArk8fUEnOfSZpHOJ6zOMUJKOtFLFqJLoKJetuQG874Uc7/Kki7zFLzYybmZhp1M7+98pfMqeX8yA=="],

    "giget": ["giget@3.2.0", "", { "bin": { "giget": "dist/cli.mjs" } }, "sha512-GvHTWcykIR/fP8cj8dMpuMMkvaeJfPvYnhq0oW+chSeIr+ldX21ifU2Ms6KBoyKZQZmVaUAAhQ2EZ68KJF8a7A=="],

    "jiti": ["jiti@2.7.0", "", { "bin": { "jiti": "lib/jiti-cli.mjs" } }, "sha512-AC/7JofJvZGrrneWNaEnJeOLUx+JlGt7tNa0wZiRPT4MY1wmfKjt2+6O2p2uz2+skll8OZZmJMNqeke7kKbNgQ=="],

    "kleur": ["kleur@3.0.3", "https://registry.npmmirror.com/kleur/-/kleur-3.0.3.tgz", {}, "sha512-eTIzlVOSUR+JxdDFepEYcBMtZ9Qqdef+rnzWdRZuMbOywu5tO2w2N7rqjoANZ5k9vywhL6Br1VRjUIgTQx4E8w=="],

    "ohash": ["ohash@2.0.11", "", {}, "sha512-RdR9FQrFwNBNXAr4GixM8YaRZRJ5PUWbKYbE5eOsrwAjJW0q2REGcf79oYPsLyskQCZG1PLN+S/K1V00joZAoQ=="],

    "pathe": ["pathe@2.0.3", "", {}, "sha512-WUjGcAqP1gQacoQe+OBJsFA7Ld4DyXuUIjZ5cc75cLHvJ7dtNsTugphxIADwspS+AraAUePCKrSVtPLFj/F88w=="],

    "perfect-debounce": ["perfect-debounce@2.1.0", "", {}, "sha512-LjgdTytVFXeUgtHZr9WYViYSM/g8MkcTPYDlPa3cDqMirHjKiSZPYd6DoL7pK8AJQr+uWkQvCjHNdiMqsrJs+g=="],

    "picocolors": ["picocolors@1.1.1", "https://registry.npmmirror.com/picocolors/-/picocolors-1.1.1.tgz", {}, "sha512-xceH2snhtb5M9liqDsmEw56le376mTZkEX/jEb/RxNFyegNul7eNslCXP9FDj/Lcu0X8KEyMceP2ntpaHrDEVA=="],

    "pkg-types": ["pkg-types@2.3.1", "", { "dependencies": { "confbox": "^0.2.4", "exsolve": "^1.0.8", "pathe": "^2.0.3" } }, "sha512-y+ichcgc2LrADuhLNAx8DFjVfgz91pRxfZdI3UDhxHvcVEZsenLO+7XaU5vOp0u/7V/wZ+plyuQxtrDlZJ+yeg=="],

    "prompts": ["prompts@2.4.2", "https://registry.npmmirror.com/prompts/-/prompts-2.4.2.tgz", { "dependencies": { "kleur": "^3.0.3", "sisteransi": "^1.0.5" } }, "sha512-NxNv/kLguCA7p3jE8oL2aEBsrJWgAakBpgmgK6lpPWV+WuOmY6r2/zbAVnP+T8bQlA0nzHXSJSJW0Hq7ylaD2Q=="],

    "quantex-cli": ["quantex-cli@0.0.1-beta.8", "", { "dependencies": { "c12": "^3.0.4", "commander": "^13.1.0", "picocolors": "^1.1.1", "prompts": "^2.4.2" }, "bin": { "qtx": "dist/cli.mjs", "quantex": "dist/cli.mjs" } }, "sha512-I/oAw7ONnQw7IWCAvTI0te0GQ77RVR4cJi+rWxPFD6dXT0ou+cRqVpcYG2NciSVB/JukF+ZU8HsrQtxob72Wtg=="],

    "rc9": ["rc9@3.0.1", "", { "dependencies": { "defu": "^6.1.6", "destr": "^2.0.5" } }, "sha512-gMDyleLWVE+i6Sgtc0QbbY6pEKqYs97NGi6isHQPqYlLemPoO8dxQ3uGi0f4NiP98c+jMW6cG1Kx9dDwfvqARQ=="],

    "readdirp": ["readdirp@5.0.0", "", {}, "sha512-9u/XQ1pvrQtYyMpZe7DXKv2p5CNvyVwzUB6uhLAnQwHMSgKMBR62lc7AHljaeteeHXn11XTAaLLUVZYVZyuRBQ=="],

    "sisteransi": ["sisteransi@1.0.5", "https://registry.npmmirror.com/sisteransi/-/sisteransi-1.0.5.tgz", {}, "sha512-bLGGlR1QxBcynn2d5YmDX4MGjlZvy2MRBDRNHLJ8VI6l6+9FUiyTFNJ0IveOSP0bcXgVDPRcfGqA0pjaqUpfVg=="],
  }
}
